// !$*UTF8*$!
{
	archiveVersion = 1;
	classes = {
	};
	objectVersion = 55;
	objects = {

/* Begin PBXBuildFile section */
		F097207328ACDA64003D910E /* CurrencyExchangeApp.swift in Sources */ = {isa = PBXBuildFile; fileRef = F097207228ACDA64003D910E /* CurrencyExchangeApp.swift */; };
		F097207528ACDA64003D910E /* ContentView.swift in Sources */ = {isa = PBXBuildFile; fileRef = F097207428ACDA64003D910E /* ContentView.swift */; };
		F097207728ACDA67003D910E /* Assets.xcassets in Resources */ = {isa = PBXBuildFile; fileRef = F097207628ACDA67003D910E /* Assets.xcassets */; };
		F097207A28ACDA67003D910E /* Preview Assets.xcassets in Resources */ = {isa = PBXBuildFile; fileRef = F097207928ACDA67003D910E /* Preview Assets.xcassets */; };
		F097207C28ACDA67003D910E /* Persistence.swift in Sources */ = {isa = PBXBuildFile; fileRef = F097207B28ACDA67003D910E /* Persistence.swift */; };
		F097207F28ACDA67003D910E /* CurrencyExchange.xcdatamodeld in Sources */ = {isa = PBXBuildFile; fileRef = F097207D28ACDA67003D910E /* CurrencyExchange.xcdatamodeld */; };
		F097208928ACDA67003D910E /* CurrencyExchangeTests.swift in Sources */ = {isa = PBXBuildFile; fileRef = F097208828ACDA67003D910E /* CurrencyExchangeTests.swift */; };
		F097209328ACDA67003D910E /* CurrencyExchangeUITests.swift in Sources */ = {isa = PBXBuildFile; fileRef = F097209228ACDA67003D910E /* CurrencyExchangeUITests.swift */; };
		F097209528ACDA67003D910E /* CurrencyExchangeUITestsLaunchTests.swift in Sources */ = {isa = PBXBuildFile; fileRef = F097209428ACDA67003D910E /* CurrencyExchangeUITestsLaunchTests.swift */; };
/* End PBXBuildFile section */

/* Begin PBXContainerItemProxy section */
		F097208528ACDA67003D910E /* PBXContainerItemProxy */ = {
			isa = PBXContainerItemProxy;
			containerPortal = F097206728ACDA64003D910E /* Project object */;
			proxyType = 1;
			remoteGlobalIDString = F097206E28ACDA64003D910E;
			remoteInfo = CurrencyExchange;
		};
		F097208F28ACDA67003D910E /* PBXContainerItemProxy */ = {
			isa = PBXContainerItemProxy;
			containerPortal = F097206728ACDA64003D910E /* Project object */;
			proxyType = 1;
			remoteGlobalIDString = F097206E28ACDA64003D910E;
			remoteInfo = CurrencyExchange;
		};
/* End PBXContainerItemProxy section */

/* Begin PBXFileReference section */
		F097206F28ACDA64003D910E /* CurrencyExchange.app */ = {isa = PBXFileReference; explicitFileType = wrapper.application; includeInIndex = 0; path = CurrencyExchange.app; sourceTree = BUILT_PRODUCTS_DIR; };
		F097207228ACDA64003D910E /* CurrencyExchangeApp.swift */ = {isa = PBXFileReference; lastKnownFileType = sourcecode.swift; path = CurrencyExchangeApp.swift; sourceTree = "<group>"; };
		F097207428ACDA64003D910E /* ContentView.swift */ = {isa = PBXFileReference; lastKnownFileType = sourcecode.swift; path = ContentView.swift; sourceTree = "<group>"; };
		F097207628ACDA67003D910E /* Assets.xcassets */ = {isa = PBXFileReference; lastKnownFileType = folder.assetcatalog; path = Assets.xcassets; sourceTree = "<group>"; };
		F097207928ACDA67003D910E /* Preview Assets.xcassets */ = {isa = PBXFileReference; lastKnownFileType = folder.assetcatalog; path = "Preview Assets.xcassets"; sourceTree = "<group>"; };
		F097207B28ACDA67003D910E /* Persistence.swift */ = {isa = PBXFileReference; lastKnownFileType = sourcecode.swift; path = Persistence.swift; sourceTree = "<group>"; };
		F097207E28ACDA67003D910E /* CurrencyExchange.xcdatamodel */ = {isa = PBXFileReference; lastKnownFileType = wrapper.xcdatamodel; path = CurrencyExchange.xcdatamodel; sourceTree = "<group>"; };
		F097208428ACDA67003D910E /* CurrencyExchangeTests.xctest */ = {isa = PBXFileReference; explicitFileType = wrapper.cfbundle; includeInIndex = 0; path = CurrencyExchangeTests.xctest; sourceTree = BUILT_PRODUCTS_DIR; };
		F097208828ACDA67003D910E /* CurrencyExchangeTests.swift */ = {isa = PBXFileReference; lastKnownFileType = sourcecode.swift; path = CurrencyExchangeTests.swift; sourceTree = "<group>"; };
		F097208E28ACDA67003D910E /* CurrencyExchangeUITests.xctest */ = {isa = PBXFileReference; explicitFileType = wrapper.cfbundle; includeInIndex = 0; path = CurrencyExchangeUITests.xctest; sourceTree = BUILT_PRODUCTS_DIR; };
		F097209228ACDA67003D910E /* CurrencyExchangeUITests.swift */ = {isa = PBXFileReference; lastKnownFileType = sourcecode.swift; path = CurrencyExchangeUITests.swift; sourceTree = "<group>"; };
		F097209428ACDA67003D910E /* CurrencyExchangeUITestsLaunchTests.swift */ = {isa = PBXFileReference; lastKnownFileType = sourcecode.swift; path = CurrencyExchangeUITestsLaunchTests.swift; sourceTree = "<group>"; };
/* End PBXFileReference section */

/* Begin PBXFrameworksBuildPhase section */
		F097206C28ACDA64003D910E /* Frameworks */ = {
			isa = PBXFrameworksBuildPhase;
			buildActionMask = 2147483647;
			files = (
			);
			runOnlyForDeploymentPostprocessing = 0;
		};
		F097208128ACDA67003D910E /* Frameworks */ = {
			isa = PBXFrameworksBuildPhase;
			buildActionMask = 2147483647;
			files = (
			);
			runOnlyForDeploymentPostprocessing = 0;
		};
		F097208B28ACDA67003D910E /* Frameworks */ = {
			isa = PBXFrameworksBuildPhase;
			buildActionMask = 2147483647;
			files = (
			);
			runOnlyForDeploymentPostprocessing = 0;
		};
/* End PBXFrameworksBuildPhase section */

/* Begin PBXGroup section */
		F097206628ACDA64003D910E = {
			isa = PBXGroup;
			children = (
				F097207128ACDA64003D910E /* CurrencyExchange */,
				F097208728ACDA67003D910E /* CurrencyExchangeTests */,
				F097209128ACDA67003D910E /* CurrencyExchangeUITests */,
				F097207028ACDA64003D910E /* Products */,
			);
			sourceTree = "<group>";
		};
		F097207028ACDA64003D910E /* Products */ = {
			isa = PBXGroup;
			children = (
				F097206F28ACDA64003D910E /* CurrencyExchange.app */,
				F097208428ACDA67003D910E /* CurrencyExchangeTests.xctest */,
				F097208E28ACDA67003D910E /* CurrencyExchangeUITests.xctest */,
			);
			name = Products;
			sourceTree = "<group>";
		};
		F097207128ACDA64003D910E /* CurrencyExchange */ = {
			isa = PBXGroup;
			children = (
				F097207228ACDA64003D910E /* CurrencyExchangeApp.swift */,
				F097207428ACDA64003D910E /* ContentView.swift */,
				F097207628ACDA67003D910E /* Assets.xcassets */,
				F097207B28ACDA67003D910E /* Persistence.swift */,
				F097207D28ACDA67003D910E /* CurrencyExchange.xcdatamodeld */,
				F097207828ACDA67003D910E /* Preview Content */,
			);
			path = CurrencyExchange;
			sourceTree = "<group>";
		};
		F097207828ACDA67003D910E /* Preview Content */ = {
			isa = PBXGroup;
			children = (
				F097207928ACDA67003D910E /* Preview Assets.xcassets */,
			);
			path = "Preview Content";
			sourceTree = "<group>";
		};
		F097208728ACDA67003D910E /* CurrencyExchangeTests */ = {
			isa = PBXGroup;
			children = (
				F097208828ACDA67003D910E /* CurrencyExchangeTests.swift */,
			);
			path = CurrencyExchangeTests;
			sourceTree = "<group>";
		};
		F097209128ACDA67003D910E /* CurrencyExchangeUITests */ = {
			isa = PBXGroup;
			children = (
				F097209228ACDA67003D910E /* CurrencyExchangeUITests.swift */,
				F097209428ACDA67003D910E /* CurrencyExchangeUITestsLaunchTests.swift */,
			);
			path = CurrencyExchangeUITests;
			sourceTree = "<group>";
		};
/* End PBXGroup section */

/* Begin PBXNativeTarget section */
		F097206E28ACDA64003D910E /* CurrencyExchange */ = {
			isa = PBXNativeTarget;
			buildConfigurationList = F097209828ACDA67003D910E /* Build configuration list for PBXNativeTarget "CurrencyExchange" */;
			buildPhases = (
				F097206B28ACDA64003D910E /* Sources */,
				F097206C28ACDA64003D910E /* Frameworks */,
				F097206D28ACDA64003D910E /* Resources */,
			);
			buildRules = (
			);
			dependencies = (
			);
			name = CurrencyExchange;
			productName = CurrencyExchange;
			productReference = F097206F28ACDA64003D910E /* CurrencyExchange.app */;
			productType = "com.apple.product-type.application";
		};
		F097208328ACDA67003D910E /* CurrencyExchangeTests */ = {
			isa = PBXNativeTarget;
			buildConfigurationList = F097209B28ACDA67003D910E /* Build configuration list for PBXNativeTarget "CurrencyExchangeTests" */;
			buildPhases = (
				F097208028ACDA67003D910E /* Sources */,
				F097208128ACDA67003D910E /* Frameworks */,
				F097208228ACDA67003D910E /* Resources */,
			);
			buildRules = (
			);
			dependencies = (
				F097208628ACDA67003D910E /* PBXTargetDependency */,
			);
			name = CurrencyExchangeTests;
			productName = CurrencyExchangeTests;
			productReference = F097208428ACDA67003D910E /* CurrencyExchangeTests.xctest */;
			productType = "com.apple.product-type.bundle.unit-test";
		};
		F097208D28ACDA67003D910E /* CurrencyExchangeUITests */ = {
			isa = PBXNativeTarget;
			buildConfigurationList = F097209E28ACDA67003D910E /* Build configuration list for PBXNativeTarget "CurrencyExchangeUITests" */;
			buildPhases = (
				F097208A28ACDA67003D910E /* Sources */,
				F097208B28ACDA67003D910E /* Frameworks */,
				F097208C28ACDA67003D910E /* Resources */,
			);
			buildRules = (
			);
			dependencies = (
				F097209028ACDA67003D910E /* PBXTargetDependency */,
			);
			name = CurrencyExchangeUITests;
			productName = CurrencyExchangeUITests;
			productReference = F097208E28ACDA67003D910E /* CurrencyExchangeUITests.xctest */;
			productType = "com.apple.product-type.bundle.ui-testing";
		};
/* End PBXNativeTarget section */

/* Begin PBXProject section */
		F097206728ACDA64003D910E /* Project object */ = {
			isa = PBXProject;
			attributes = {
				BuildIndependentTargetsInParallel = 1;
				LastSwiftUpdateCheck = 1340;
				LastUpgradeCheck = 1340;
				TargetAttributes = {
					F097206E28ACDA64003D910E = {
						CreatedOnToolsVersion = 13.4.1;
					};
					F097208328ACDA67003D910E = {
						CreatedOnToolsVersion = 13.4.1;
						TestTargetID = F097206E28ACDA64003D910E;
					};
					F097208D28ACDA67003D910E = {
						CreatedOnToolsVersion = 13.4.1;
						TestTargetID = F097206E28ACDA64003D910E;
					};
				};
			};
			buildConfigurationList = F097206A28ACDA64003D910E /* Build configuration list for PBXProject "CurrencyExchange" */;
			compatibilityVersion = "Xcode 13.0";
			developmentRegion = en;
			hasScannedForEncodings = 0;
			knownRegions = (
				en,
				Base,
			);
			mainGroup = F097206628ACDA64003D910E;
			productRefGroup = F097207028ACDA64003D910E /* Products */;
			projectDirPath = "";
			projectRoot = "";
			targets = (
				F097206E28ACDA64003D910E /* CurrencyExchange */,
				F097208328ACDA67003D910E /* CurrencyExchangeTests */,
				F097208D28ACDA67003D910E /* CurrencyExchangeUITests */,
			);
		};
/* End PBXProject section */

/* Begin PBXResourcesBuildPhase section */
		F097206D28ACDA64003D910E /* Resources */ = {
			isa = PBXResourcesBuildPhase;
			buildActionMask = 2147483647;
			files = (
				F097207A28ACDA67003D910E /* Preview Assets.xcassets in Resources */,
				F097207728ACDA67003D910E /* Assets.xcassets in Resources */,
			);
			runOnlyForDeploymentPostprocessing = 0;
		};
		F097208228ACDA67003D910E /* Resources */ = {
			isa = PBXResourcesBuildPhase;
			buildActionMask = 2147483647;
			files = (
			);
			runOnlyForDeploymentPostprocessing = 0;
		};
		F097208C28ACDA67003D910E /* Resources */ = {
			isa = PBXResourcesBuildPhase;
			buildActionMask = 2147483647;
			files = (
			);
			runOnlyForDeploymentPostprocessing = 0;
		};
/* End PBXResourcesBuildPhase section */

/* Begin PBXSourcesBuildPhase section */
		F097206B28ACDA64003D910E /* Sources */ = {
			isa = PBXSourcesBuildPhase;
			buildActionMask = 2147483647;
			files = (
				F097207C28ACDA67003D910E /* Persistence.swift in Sources */,
				F097207528ACDA64003D910E /* ContentView.swift in Sources */,
				F097207328ACDA64003D910E /* CurrencyExchangeApp.swift in Sources */,
				F097207F28ACDA67003D910E /* CurrencyExchange.xcdatamodeld in Sources */,
			);
			runOnlyForDeploymentPostprocessing = 0;
		};
		F097208028ACDA67003D910E /* Sources */ = {
			isa = PBXSourcesBuildPhase;
			buildActionMask = 2147483647;
			files = (
				F097208928ACDA67003D910E /* CurrencyExchangeTests.swift in Sources */,
			);
			runOnlyForDeploymentPostprocessing = 0;
		};
		F097208A28ACDA67003D910E /* Sources */ = {
			isa = PBXSourcesBuildPhase;
			buildActionMask = 2147483647;
			files = (
				F097209528ACDA67003D910E /* CurrencyExchangeUITestsLaunchTests.swift in Sources */,
				F097209328ACDA67003D910E /* CurrencyExchangeUITests.swift in Sources */,
			);
			runOnlyForDeploymentPostprocessing = 0;
		};
/* End PBXSourcesBuildPhase section */

/* Begin PBXTargetDependency section */
		F097208628ACDA67003D910E /* PBXTargetDependency */ = {
			isa = PBXTargetDependency;
			target = F097206E28ACDA64003D910E /* CurrencyExchange */;
			targetProxy = F097208528ACDA67003D910E /* PBXContainerItemProxy */;
		};
		F097209028ACDA67003D910E /* PBXTargetDependency */ = {
			isa = PBXTargetDependency;
			target = F097206E28ACDA64003D910E /* CurrencyExchange */;
			targetProxy = F097208F28ACDA67003D910E /* PBXContainerItemProxy */;
		};
/* End PBXTargetDependency section */

/* Begin XCBuildConfiguration section */
		F097209628ACDA67003D910E /* Debug */ = {
			isa = XCBuildConfiguration;
			buildSettings = {
				ALWAYS_SEARCH_USER_PATHS = NO;
				CLANG_ANALYZER_NONNULL = YES;
				CLANG_ANALYZER_NUMBER_OBJECT_CONVERSION = YES_AGGRESSIVE;
				CLANG_CXX_LANGUAGE_STANDARD = "gnu++17";
				CLANG_ENABLE_MODULES = YES;
				CLANG_ENABLE_OBJC_ARC = YES;
				CLANG_ENABLE_OBJC_WEAK = YES;
				CLANG_WARN_BLOCK_CAPTURE_AUTORELEASING = YES;
				CLANG_WARN_BOOL_CONVERSION = YES;
				CLANG_WARN_COMMA = YES;
				CLANG_WARN_CONSTANT_CONVERSION = YES;
				CLANG_WARN_DEPRECATED_OBJC_IMPLEMENTATIONS = YES;
				CLANG_WARN_DIRECT_OBJC_ISA_USAGE = YES_ERROR;
				CLANG_WARN_DOCUMENTATION_COMMENTS = YES;
				CLANG_WARN_EMPTY_BODY = YES;
				CLANG_WARN_ENUM_CONVERSION = YES;
				CLANG_WARN_INFINITE_RECURSION = YES;
				CLANG_WARN_INT_CONVERSION = YES;
				CLANG_WARN_NON_LITERAL_NULL_CONVERSION = YES;
				CLANG_WARN_OBJC_IMPLICIT_RETAIN_SELF = YES;
				CLANG_WARN_OBJC_LITERAL_CONVERSION = YES;
				CLANG_WARN_OBJC_ROOT_CLASS = YES_ERROR;
				CLANG_WARN_QUOTED_INCLUDE_IN_FRAMEWORK_HEADER = YES;
				CLANG_WARN_RANGE_LOOP_ANALYSIS = YES;
				CLANG_WARN_STRICT_PROTOTYPES = YES;
				CLANG_WARN_SUSPICIOUS_MOVE = YES;
				CLANG_WARN_UNGUARDED_AVAILABILITY = YES_AGGRESSIVE;
				CLANG_WARN_UNREACHABLE_CODE = YES;
				CLANG_WARN__DUPLICATE_METHOD_MATCH = YES;
				COPY_PHASE_STRIP = NO;
				DEBUG_INFORMATION_FORMAT = dwarf;
				ENABLE_STRICT_OBJC_MSGSEND = YES;
				ENABLE_TESTABILITY = YES;
				GCC_C_LANGUAGE_STANDARD = gnu11;
				GCC_DYNAMIC_NO_PIC = NO;
				GCC_NO_COMMON_BLOCKS = YES;
				GCC_OPTIMIZATION_LEVEL = 0;
				GCC_PREPROCESSOR_DEFINITIONS = (
					"DEBUG=1",
					"$(inherited)",
				);
				GCC_WARN_64_TO_32_BIT_CONVERSION = YES;
				GCC_WARN_ABOUT_RETURN_TYPE = YES_ERROR;
				GCC_WARN_UNDECLARED_SELECTOR = YES;
				GCC_WARN_UNINITIALIZED_AUTOS = YES_AGGRESSIVE;
				GCC_WARN_UNUSED_FUNCTION = YES;
				GCC_WARN_UNUSED_VARIABLE = YES;
				IPHONEOS_DEPLOYMENT_TARGET = 15.5;
				MTL_ENABLE_DEBUG_INFO = INCLUDE_SOURCE;
				MTL_FAST_MATH = YES;
				ONLY_ACTIVE_ARCH = YES;
				SDKROOT = iphoneos;
				SWIFT_ACTIVE_COMPILATION_CONDITIONS = DEBUG;
				SWIFT_OPTIMIZATION_LEVEL = "-Onone";
			};
			name = Debug;
		};
		F097209728ACDA67003D910E /* Release */ = {
			isa = XCBuildConfiguration;
			buildSettings = {
				ALWAYS_SEARCH_USER_PATHS = NO;
				CLANG_ANALYZER_NONNULL = YES;
				CLANG_ANALYZER_NUMBER_OBJECT_CONVERSION = YES_AGGRESSIVE;
				CLANG_CXX_LANGUAGE_STANDARD = "gnu++17";
				CLANG_ENABLE_MODULES = YES;
				CLANG_ENABLE_OBJC_ARC = YES;
				CLANG_ENABLE_OBJC_WEAK = YES;
				CLANG_WARN_BLOCK_CAPTURE_AUTORELEASING = YES;
				CLANG_WARN_BOOL_CONVERSION = YES;
				CLANG_WARN_COMMA = YES;
				CLANG_WARN_CONSTANT_CONVERSION = YES;
				CLANG_WARN_DEPRECATED_OBJC_IMPLEMENTATIONS = YES;
				CLANG_WARN_DIRECT_OBJC_ISA_USAGE = YES_ERROR;
				CLANG_WARN_DOCUMENTATION_COMMENTS = YES;
				CLANG_WARN_EMPTY_BODY = YES;
				CLANG_WARN_ENUM_CONVERSION = YES;
				CLANG_WARN_INFINITE_RECURSION = YES;
				CLANG_WARN_INT_CONVERSION = YES;
				CLANG_WARN_NON_LITERAL_NULL_CONVERSION = YES;
				CLANG_WARN_OBJC_IMPLICIT_RETAIN_SELF = YES;
				CLANG_WARN_OBJC_LITERAL_CONVERSION = YES;
				CLANG_WARN_OBJC_ROOT_CLASS = YES_ERROR;
				CLANG_WARN_QUOTED_INCLUDE_IN_FRAMEWORK_HEADER = YES;
				CLANG_WARN_RANGE_LOOP_ANALYSIS = YES;
				CLANG_WARN_STRICT_PROTOTYPES = YES;
				CLANG_WARN_SUSPICIOUS_MOVE = YES;
				CLANG_WARN_UNGUARDED_AVAILABILITY = YES_AGGRESSIVE;
				CLANG_WARN_UNREACHABLE_CODE = YES;
				CLANG_WARN__DUPLICATE_METHOD_MATCH = YES;
				COPY_PHASE_STRIP = NO;
				DEBUG_INFORMATION_FORMAT = "dwarf-with-dsym";
				ENABLE_NS_ASSERTIONS = NO;
				ENABLE_STRICT_OBJC_MSGSEND = YES;
				GCC_C_LANGUAGE_STANDARD = gnu11;
				GCC_NO_COMMON_BLOCKS = YES;
				GCC_WARN_64_TO_32_BIT_CONVERSION = YES;
				GCC_WARN_ABOUT_RETURN_TYPE = YES_ERROR;
				GCC_WARN_UNDECLARED_SELECTOR = YES;
				GCC_WARN_UNINITIALIZED_AUTOS = YES_AGGRESSIVE;
				GCC_WARN_UNUSED_FUNCTION = YES;
				GCC_WARN_UNUSED_VARIABLE = YES;
				IPHONEOS_DEPLOYMENT_TARGET = 15.5;
				MTL_ENABLE_DEBUG_INFO = NO;
				MTL_FAST_MATH = YES;
				SDKROOT = iphoneos;
				SWIFT_COMPILATION_MODE = wholemodule;
				SWIFT_OPTIMIZATION_LEVEL = "-O";
				VALIDATE_PRODUCT = YES;
			};
			name = Release;
		};
		F097209928ACDA67003D910E /* Debug */ = {
			isa = XCBuildConfiguration;
			buildSettings = {
				ASSETCATALOG_COMPILER_APPICON_NAME = AppIcon;
				ASSETCATALOG_COMPILER_GLOBAL_ACCENT_COLOR_NAME = AccentColor;
				CODE_SIGN_STYLE = Automatic;
				CURRENT_PROJECT_VERSION = 1;
				DEVELOPMENT_ASSET_PATHS = "\"CurrencyExchange/Preview Content\"";
				DEVELOPMENT_TEAM = 2H46N4N76A;
				ENABLE_PREVIEWS = YES;
				GENERATE_INFOPLIST_FILE = YES;
				INFOPLIST_KEY_UIApplicationSceneManifest_Generation = YES;
				INFOPLIST_KEY_UIApplicationSupportsIndirectInputEvents = YES;
				INFOPLIST_KEY_UILaunchScreen_Generation = YES;
				INFOPLIST_KEY_UISupportedInterfaceOrientations_iPad = "UIInterfaceOrientationPortrait UIInterfaceOrientationPortraitUpsideDown UIInterfaceOrientationLandscapeLeft UIInterfaceOrientationLandscapeRight";
				INFOPLIST_KEY_UISupportedInterfaceOrientations_iPhone = "UIInterfaceOrientationPortrait UIInterfaceOrientationLandscapeLeft UIInterfaceOrientationLandscapeRight";
				LD_RUNPATH_SEARCH_PATHS = (
					"$(inherited)",
					"@executable_path/Frameworks",
				);
				MARKETING_VERSION = 1.0;
				PRODUCT_BUNDLE_IDENTIFIER = com.enkidu.CurrencyExchange;
				PRODUCT_NAME = "$(TARGET_NAME)";
				SWIFT_EMIT_LOC_STRINGS = YES;
				SWIFT_VERSION = 5.0;
				TARGETED_DEVICE_FAMILY = "1,2";
			};
			name = Debug;
		};
		F097209A28ACDA67003D910E /* Release */ = {
			isa = XCBuildConfiguration;
			buildSettings = {
				ASSETCATALOG_COMPILER_APPICON_NAME = AppIcon;
				ASSETCATALOG_COMPILER_GLOBAL_ACCENT_COLOR_NAME = AccentColor;
				CODE_SIGN_STYLE = Automatic;
				CURRENT_PROJECT_VERSION = 1;
				DEVELOPMENT_ASSET_PATHS = "\"CurrencyExchange/Preview Content\"";
				DEVELOPMENT_TEAM = 2H46N4N76A;
				ENABLE_PREVIEWS = YES;
				GENERATE_INFOPLIST_FILE = YES;
				INFOPLIST_KEY_UIApplicationSceneManifest_Generation = YES;
				INFOPLIST_KEY_UIApplicationSupportsIndirectInputEvents = YES;
				INFOPLIST_KEY_UILaunchScreen_Generation = YES;
				INFOPLIST_KEY_UISupportedInterfaceOrientations_iPad = "UIInterfaceOrientationPortrait UIInterfaceOrientationPortraitUpsideDown UIInterfaceOrientationLandscapeLeft UIInterfaceOrientationLandscapeRight";
				INFOPLIST_KEY_UISupportedInterfaceOrientations_iPhone = "UIInterfaceOrientationPortrait UIInterfaceOrientationLandscapeLeft UIInterfaceOrientationLandscapeRight";
				LD_RUNPATH_SEARCH_PATHS = (
					"$(inherited)",
					"@executable_path/Frameworks",
				);
				MARKETING_VERSION = 1.0;
				PRODUCT_BUNDLE_IDENTIFIER = com.enkidu.CurrencyExchange;
				PRODUCT_NAME = "$(TARGET_NAME)";
				SWIFT_EMIT_LOC_STRINGS = YES;
				SWIFT_VERSION = 5.0;
				TARGETED_DEVICE_FAMILY = "1,2";
			};
			name = Release;
		};
		F097209C28ACDA67003D910E /* Debug */ = {
			isa = XCBuildConfiguration;
			buildSettings = {
				ALWAYS_EMBED_SWIFT_STANDARD_LIBRARIES = YES;
				BUNDLE_LOADER = "$(TEST_HOST)";
				CODE_SIGN_STYLE = Automatic;
				CURRENT_PROJECT_VERSION = 1;
				DEVELOPMENT_TEAM = 2H46N4N76A;
				GENERATE_INFOPLIST_FILE = YES;
				IPHONEOS_DEPLOYMENT_TARGET = 15.5;
				MARKETING_VERSION = 1.0;
				PRODUCT_BUNDLE_IDENTIFIER = com.enkidu.CurrencyExchangeTests;
				PRODUCT_NAME = "$(TARGET_NAME)";
				SWIFT_EMIT_LOC_STRINGS = NO;
				SWIFT_VERSION = 5.0;
				TARGETED_DEVICE_FAMILY = "1,2";
				TEST_HOST = "$(BUILT_PRODUCTS_DIR)/CurrencyExchange.app/CurrencyExchange";
			};
			name = Debug;
		};
		F097209D28ACDA67003D910E /* Release */ = {
			isa = XCBuildConfiguration;
			buildSettings = {
				ALWAYS_EMBED_SWIFT_STANDARD_LIBRARIES = YES;
				BUNDLE_LOADER = "$(TEST_HOST)";
				CODE_SIGN_STYLE = Automatic;
				CURRENT_PROJECT_VERSION = 1;
				DEVELOPMENT_TEAM = 2H46N4N76A;
				GENERATE_INFOPLIST_FILE = YES;
				IPHONEOS_DEPLOYMENT_TARGET = 15.5;
				MARKETING_VERSION = 1.0;
				PRODUCT_BUNDLE_IDENTIFIER = com.enkidu.CurrencyExchangeTests;
				PRODUCT_NAME = "$(TARGET_NAME)";
				SWIFT_EMIT_LOC_STRINGS = NO;
				SWIFT_VERSION = 5.0;
				TARGETED_DEVICE_FAMILY = "1,2";
				TEST_HOST = "$(BUILT_PRODUCTS_DIR)/CurrencyExchange.app/CurrencyExchange";
			};
			name = Release;
		};
		F097209F28ACDA67003D910E /* Debug */ = {
			isa = XCBuildConfiguration;
			buildSettings = {
				ALWAYS_EMBED_SWIFT_STANDARD_LIBRARIES = YES;
				CODE_SIGN_STYLE = Automatic;
				CURRENT_PROJECT_VERSION = 1;
				DEVELOPMENT_TEAM = 2H46N4N76A;
				GENERATE_INFOPLIST_FILE = YES;
				MARKETING_VERSION = 1.0;
				PRODUCT_BUNDLE_IDENTIFIER = com.enkidu.CurrencyExchangeUITests;
				PRODUCT_NAME = "$(TARGET_NAME)";
				SWIFT_EMIT_LOC_STRINGS = NO;
				SWIFT_VERSION = 5.0;
				TARGETED_DEVICE_FAMILY = "1,2";
				TEST_TARGET_NAME = CurrencyExchange;
			};
			name = Debug;
		};
		F09720A028ACDA67003D910E /* Release */ = {
			isa = XCBuildConfiguration;
			buildSettings = {
				ALWAYS_EMBED_SWIFT_STANDARD_LIBRARIES = YES;
				CODE_SIGN_STYLE = Automatic;
				CURRENT_PROJECT_VERSION = 1;
				DEVELOPMENT_TEAM = 2H46N4N76A;
				GENERATE_INFOPLIST_FILE = YES;
				MARKETING_VERSION = 1.0;
				PRODUCT_BUNDLE_IDENTIFIER = com.enkidu.CurrencyExchangeUITests;
				PRODUCT_NAME = "$(TARGET_NAME)";
				SWIFT_EMIT_LOC_STRINGS = NO;
				SWIFT_VERSION = 5.0;
				TARGETED_DEVICE_FAMILY = "1,2";
				TEST_TARGET_NAME = CurrencyExchange;
			};
			name = Release;
		};
/* End XCBuildConfiguration section */

/* Begin XCConfigurationList section */
		F097206A28ACDA64003D910E /* Build configuration list for PBXProject "CurrencyExchange" */ = {
			isa = XCConfigurationList;
			buildConfigurations = (
				F097209628ACDA67003D910E /* Debug */,
				F097209728ACDA67003D910E /* Release */,
			);
			defaultConfigurationIsVisible = 0;
			defaultConfigurationName = Release;
		};
		F097209828ACDA67003D910E /* Build configuration list for PBXNativeTarget "CurrencyExchange" */ = {
			isa = XCConfigurationList;
			buildConfigurations = (
				F097209928ACDA67003D910E /* Debug */,
				F097209A28ACDA67003D910E /* Release */,
			);
			defaultConfigurationIsVisible = 0;
			defaultConfigurationName = Release;
		};
		F097209B28ACDA67003D910E /* Build configuration list for PBXNativeTarget "CurrencyExchangeTests" */ = {
			isa = XCConfigurationList;
			buildConfigurations = (
				F097209C28ACDA67003D910E /* Debug */,
				F097209D28ACDA67003D910E /* Release */,
			);
			defaultConfigurationIsVisible = 0;
			defaultConfigurationName = Release;
		};
		F097209E28ACDA67003D910E /* Build configuration list for PBXNativeTarget "CurrencyExchangeUITests" */ = {
			isa = XCConfigurationList;
			buildConfigurations = (
				F097209F28ACDA67003D910E /* Debug */,
				F09720A028ACDA67003D910E /* Release */,
			);
			defaultConfigurationIsVisible = 0;
			defaultConfigurationName = Release;
		};
/* End XCConfigurationList section */

/* Begin XCVersionGroup section */
		F097207D28ACDA67003D910E /* CurrencyExchange.xcdatamodeld */ = {
			isa = XCVersionGroup;
			children = (
				F097207E28ACDA67003D910E /* CurrencyExchange.xcdatamodel */,
			);
			currentVersion = F097207E28ACDA67003D910E /* CurrencyExchange.xcdatamodel */;
			path = CurrencyExchange.xcdatamodeld;
			sourceTree = "<group>";
			versionGroupType = wrapper.xcdatamodel;
		};
/* End XCVersionGroup section */
	};
	rootObject = F097206728ACDA64003D910E /* Project object */;
}
